{
  "name": "ast-grep-jsapi-readfile-demo",
  "version": "1.0.0",
  "lockfileVersion": 3,
  "requires": true,
  "packages": {
    "": {
      "name": "ast-grep-jsapi-readfile-demo",
      "version": "1.0.0",
      "license": "ISC",
      "devDependencies": {
        "@ast-grep/napi": "^0.26.1"
      }
    },
    "node_modules/@ast-grep/napi": {
      "version": "0.26.1",
      "resolved": "https://registry.npmjs.org/@ast-grep/napi/-/napi-0.26.1.tgz",
      "integrity": "sha512-05AZgZzQWlT0eTmuSU6QoGJIfKZhuIHRf1K3qXc5dpz2n3XSNZPMq5yGPj7U6aVt1GXcs0GtUhvywTzHZlv5dw==",
      "dev": true,
      "engines": {
        "node": ">= 10"
      },
      "optionalDependencies": {
        "@ast-grep/napi-darwin-arm64": "0.26.1",
        "@ast-grep/napi-darwin-x64": "0.26.1",
        "@ast-grep/napi-linux-arm64-gnu": "0.26.1",
        "@ast-grep/napi-linux-arm64-musl": "0.26.1",
        "@ast-grep/napi-linux-x64-gnu": "0.26.1",
        "@ast-grep/napi-linux-x64-musl": "0.26.1",
        "@ast-grep/napi-win32-arm64-msvc": "0.26.1",
        "@ast-grep/napi-win32-ia32-msvc": "0.26.1",
        "@ast-grep/napi-win32-x64-msvc": "0.26.1"
      }
    },
    "node_modules/@ast-grep/napi-darwin-arm64": {
      "version": "0.26.1",
      "resolved": "https://registry.npmjs.org/@ast-grep/napi-darwin-arm64/-/napi-darwin-arm64-0.26.1.tgz",
      "integrity": "sha512-oFNVZczbB2hqiyntp4SC4w/ODArGlFWRyQH8aBRweyyFer8HElnQ88eRkV2mN9OTOHGEJsPekWFQYbOCR11c9g==",
      "cpu": [
        "arm64"
      ],
      "dev": true,
      "optional": true,
      "os": [
        "darwin"
      ],
      "engines": {
        "node": ">= 10"
      }
    },
    "node_modules/@ast-grep/napi-darwin-x64": {
      "version": "0.26.1",
      "resolved": "https://registry.npmjs.org/@ast-grep/napi-darwin-x64/-/napi-darwin-x64-0.26.1.tgz",
      "integrity": "sha512-qVEpsveoq4u0hnY6hgoknIbl5cUX+tpl85D70rVdWmGeZ6qSMteYRZW3zG8wbcvM9qR9A3FGbseyu8vcbG/fpQ==",
      "cpu": [
        "x64"
      ],
      "dev": true,
      "optional": true,
      "os": [
        "darwin"
      ],
      "engines": {
        "node": ">= 10"
      }
    },
    "node_modules/@ast-grep/napi-linux-arm64-gnu": {
      "version": "0.26.1",
      "resolved": "https://registry.npmjs.org/@ast-grep/napi-linux-arm64-gnu/-/napi-linux-arm64-gnu-0.26.1.tgz",
      "integrity": "sha512-2hN/Q8Ah2Wq/Qsey7tGo4nykrANCI7IQLq2fZpfTIwi04oBkonfghkpsCCcoITj3AsEgANotJ6xHtvJgS6zHxA==",
      "cpu": [
        "arm64"
      ],
      "dev": true,
      "optional": true,
      "os": [
        "linux"
      ],
      "engines": {
        "node": ">= 10"
      }
    },
    "node_modules/@ast-grep/napi-linux-arm64-musl": {
      "version": "0.26.1",
      "resolved": "https://registry.npmjs.org/@ast-grep/napi-linux-arm64-musl/-/napi-linux-arm64-musl-0.26.1.tgz",
      "integrity": "sha512-mBVwNkVnmGD5adwMhTDl2n2nhmuN2owTOeqwRnBLQKHtP7bY6RaDosrjZpRTKzMAxebZY8dPz+HyXjfLRHngRQ==",
      "cpu": [
        "arm64"
      ],
      "dev": true,
      "optional": true,
      "os": [
        "linux"
      ],
      "engines": {
        "node": ">= 10"
      }
    },
    "node_modules/@ast-grep/napi-linux-x64-gnu": {
      "version": "0.26.1",
      "resolved": "https://registry.npmjs.org/@ast-grep/napi-linux-x64-gnu/-/napi-linux-x64-gnu-0.26.1.tgz",
      "integrity": "sha512-pMlMT1qaNMZP9RWhMKgYyfbGiynyGeuuSc2gkYlBrVW8u9Ab5Bj+qhV3xy4c/pNzGFhogvBPyjOq66elFyJ0Kw==",
      "cpu": [
        "x64"
      ],
      "dev": true,
      "optional": true,
      "os": [
        "linux"
      ],
      "engines": {
        "node": ">= 10"
      }
    },
    "node_modules/@ast-grep/napi-linux-x64-musl": {
      "version": "0.26.1",
      "resolved": "https://registry.npmjs.org/@ast-grep/napi-linux-x64-musl/-/napi-linux-x64-musl-0.26.1.tgz",
      "integrity": "sha512-11mMVNVydGkmelQ8FAMdzSeu4EH1bTHJPYp109KMyxqqtZl6v5gu+LgAXzzs5pPQX47YlprLYxPHTMXkTNGNRw==",
      "cpu": [
        "x64"
      ],
      "dev": true,
      "optional": true,
      "os": [
        "linux"
      ],
      "engines": {
        "node": ">= 10"
      }
    },
    "node_modules/@ast-grep/napi-win32-arm64-msvc": {
      "version": "0.26.1",
      "resolved": "https://registry.npmjs.org/@ast-grep/napi-win32-arm64-msvc/-/napi-win32-arm64-msvc-0.26.1.tgz",
      "integrity": "sha512-v+MEh7qZli9zLzCOF3uN55PpOK3flB2ijg323QUFVW/CpHMpT6PO4UUzfNwAN9QBQuoQQ+6IiHCv9WCQOvg+qw==",
      "cpu": [
        "arm64"
      ],
      "dev": true,
      "optional": true,
      "os": [
        "win32"
      ],
      "engines": {
        "node": ">= 10"
      }
    },
    "node_modules/@ast-grep/napi-win32-ia32-msvc": {
      "version": "0.26.1",
      "resolved": "https://registry.npmjs.org/@ast-grep/napi-win32-ia32-msvc/-/napi-win32-ia32-msvc-0.26.1.tgz",
      "integrity": "sha512-zw5aol0OKO8UZ+hDrvTSw9IUkAxbDm/NNAH/K117v7xCSel9FiM3+oN77SNWCAyDUe1krHN4tJ6hFfHwMUj9jg==",
      "cpu": [
        "ia32"
      ],
      "dev": true,
      "optional": true,
      "os": [
        "win32"
      ],
      "engines": {
        "node": ">= 10"
      }
    },
    "node_modules/@ast-grep/napi-win32-x64-msvc": {
      "version": "0.26.1",
      "resolved": "https://registry.npmjs.org/@ast-grep/napi-win32-x64-msvc/-/napi-win32-x64-msvc-0.26.1.tgz",
      "integrity": "sha512-UpaJxyDflYszN/yvfgC73L/yWlaP2TH7IwaJPuw+HBsTqodPw7xdTyR5mdvYeh/J0Jwu+ECy0kk77qZGI/6EPw==",
      "cpu": [
        "x64"
      ],
      "dev": true,
      "optional": true,
      "os": [
        "win32"
      ],
      "engines": {
        "node": ">= 10"
      }
    }
  }
}
